
Microsoft Visual Studio Solution File, Format Version 12.00
# Visual Studio Version 16
VisualStudioVersion = 16.0.31129.286
MinimumVisualStudioVersion = 10.0.40219.1
Project("{9A19103F-16F7-4668-BE54-9A1E7A4F7556}") = "PuginInterface", "PuginInterface.csproj", "{A6CE7D94-8B7F-420B-BFD1-D534E654AE8C}"
EndProject
Global
	GlobalSection(SolutionConfigurationPlatforms) = preSolution
		Debug|Any CPU = Debug|Any CPU
		Release|Any CPU = Release|Any CPU
	EndGlobalSection
	GlobalSection(ProjectConfigurationPlatforms) = postSolution
		{A6CE7D94-8B7F-420B-BFD1-D534E654AE8C}.Debug|Any CPU.ActiveCfg = Debug|Any CPU
		{A6CE7D94-8B7F-420B-BFD1-D534E654AE8C}.Debug|Any CPU.Build.0 = Debug|Any CPU
		{A6CE7D94-8B7F-420B-BFD1-D534E654AE8C}.Release|Any CPU.ActiveCfg = Release|Any CPU
		{A6CE7D94-8B7F-420B-BFD1-D534E654AE8C}.Release|Any CPU.Build.0 = Release|Any CPU
	EndGlobalSection
	GlobalSection(SolutionProperties) = preSolution
		HideSolutionNode = FALSE
	EndGlobalSection
	GlobalSection(ExtensibilityGlobals) = postSolution
		SolutionGuid = {B512A5D5-F857-462B-A786-4391CA20904D}
	EndGlobalSection
EndGlobal
